// !$*UTF8*$!
{
	archiveVersion = 1;
	classes = {
	};
	objectVersion = 50;
	objects = {

/* Begin PBXBuildFile section */
		0B17A9EB264EA7AE00F939BE /* Stack_tutorialApp.swift in Sources */ = {isa = PBXBuildFile; fileRef = 0B17A9EA264EA7AE00F939BE /* Stack_tutorialApp.swift */; };
		0B17A9ED264EA7AE00F939BE /* ContentView.swift in Sources */ = {isa = PBXBuildFile; fileRef = 0B17A9EC264EA7AE00F939BE /* ContentView.swift */; };
		0B17A9EF264EA7B200F939BE /* Assets.xcassets in Resources */ = {isa = PBXBuildFile; fileRef = 0B17A9EE264EA7B200F939BE /* Assets.xcassets */; };
		0B17A9F2264EA7B200F939BE /* Preview Assets.xcassets in Resources */ = {isa = PBXBuildFile; fileRef = 0B17A9F1264EA7B200F939BE /* Preview Assets.xcassets */; };
		0B17A9FA264EAAA000F939BE /* MyVStack.swift in Sources */ = {isa = PBXBuildFile; fileRef = 0B17A9F9264EAAA000F939BE /* MyVStack.swift */; };
		0B17A9FC264EAB2500F939BE /* MyHStack.swift in Sources */ = {isa = PBXBuildFile; fileRef = 0B17A9FB264EAB2500F939BE /* MyHStack.swift */; };
		0B17A9FE264EAC8400F939BE /* MyZStack.swift in Sources */ = {isa = PBXBuildFile; fileRef = 0B17A9FD264EAC8400F939BE /* MyZStack.swift */; };
/* End PBXBuildFile section */

/* Begin PBXFileReference section */
		0B17A9E7264EA7AE00F939BE /* Stack_tutorial.app */ = {isa = PBXFileReference; explicitFileType = wrapper.application; includeInIndex = 0; path = Stack_tutorial.app; sourceTree = BUILT_PRODUCTS_DIR; };
		0B17A9EA264EA7AE00F939BE /* Stack_tutorialApp.swift */ = {isa = PBXFileReference; lastKnownFileType = sourcecode.swift; path = Stack_tutorialApp.swift; sourceTree = "<group>"; };
		0B17A9EC264EA7AE00F939BE /* ContentView.swift */ = {isa = PBXFileReference; lastKnownFileType = sourcecode.swift; path = ContentView.swift; sourceTree = "<group>"; };
		0B17A9EE264EA7B200F939BE /* Assets.xcassets */ = {isa = PBXFileReference; lastKnownFileType = folder.assetcatalog; path = Assets.xcassets; sourceTree = "<group>"; };
		0B17A9F1264EA7B200F939BE /* Preview Assets.xcassets */ = {isa = PBXFileReference; lastKnownFileType = folder.assetcatalog; path = "Preview Assets.xcassets"; sourceTree = "<group>"; };
		0B17A9F3264EA7B200F939BE /* Info.plist */ = {isa = PBXFileReference; lastKnownFileType = text.plist.xml; path = Info.plist; sourceTree = "<group>"; };
		0B17A9F9264EAAA000F939BE /* MyVStack.swift */ = {isa = PBXFileReference; lastKnownFileType = sourcecode.swift; path = MyVStack.swift; sourceTree = "<group>"; };
		0B17A9FB264EAB2500F939BE /* MyHStack.swift */ = {isa = PBXFileReference; lastKnownFileType = sourcecode.swift; path = MyHStack.swift; sourceTree = "<group>"; };
		0B17A9FD264EAC8400F939BE /* MyZStack.swift */ = {isa = PBXFileReference; lastKnownFileType = sourcecode.swift; path = MyZStack.swift; sourceTree = "<group>"; };
/* End PBXFileReference section */

/* Begin PBXFrameworksBuildPhase section */
		0B17A9E4264EA7AE00F939BE /* Frameworks */ = {
			isa = PBXFrameworksBuildPhase;
			buildActionMask = 2147483647;
			files = (
			);
			runOnlyForDeploymentPostprocessing = 0;
		};
/* End PBXFrameworksBuildPhase section */

/* Begin PBXGroup section */
		0B17A9DE264EA7AE00F939BE = {
			isa = PBXGroup;
			children = (
				0B17A9E9264EA7AE00F939BE /* Stack_tutorial */,
				0B17A9E8264EA7AE00F939BE /* Products */,
			);
			sourceTree = "<group>";
		};
		0B17A9E8264EA7AE00F939BE /* Products */ = {
			isa = PBXGroup;
			children = (
				0B17A9E7264EA7AE00F939BE /* Stack_tutorial.app */,
			);
			name = Products;
			sourceTree = "<group>";
		};
		0B17A9E9264EA7AE00F939BE /* Stack_tutorial */ = {
			isa = PBXGroup;
			children = (
				0B17A9EA264EA7AE00F939BE /* Stack_tutorialApp.swift */,
				0B17A9EC264EA7AE00F939BE /* ContentView.swift */,
				0B17A9EE264EA7B200F939BE /* Assets.xcassets */,
				0B17A9F3264EA7B200F939BE /* Info.plist */,
				0B17A9F0264EA7B200F939BE /* Preview Content */,
				0B17A9F9264EAAA000F939BE /* MyVStack.swift */,
				0B17A9FB264EAB2500F939BE /* MyHStack.swift */,
				0B17A9FD264EAC8400F939BE /* MyZStack.swift */,
			);
			path = Stack_tutorial;
			sourceTree = "<group>";
		};
		0B17A9F0264EA7B200F939BE /* Preview Content */ = {
			isa = PBXGroup;
			children = (
				0B17A9F1264EA7B200F939BE /* Preview Assets.xcassets */,
			);
			path = "Preview Content";
			sourceTree = "<group>";
		};
/* End PBXGroup section */

/* Begin PBXNativeTarget section */
		0B17A9E6264EA7AE00F939BE /* Stack_tutorial */ = {
			isa = PBXNativeTarget;
			buildConfigurationList = 0B17A9F6264EA7B200F939BE /* Build configuration list for PBXNativeTarget "Stack_tutorial" */;
			buildPhases = (
				0B17A9E3264EA7AE00F939BE /* Sources */,
				0B17A9E4264EA7AE00F939BE /* Frameworks */,
				0B17A9E5264EA7AE00F939BE /* Resources */,
			);
			buildRules = (
			);
			dependencies = (
			);
			name = Stack_tutorial;
			productName = Stack_tutorial;
			productReference = 0B17A9E7264EA7AE00F939BE /* Stack_tutorial.app */;
			productType = "com.apple.product-type.application";
		};
/* End PBXNativeTarget section */

/* Begin PBXProject section */
		0B17A9DF264EA7AE00F939BE /* Project object */ = {
			isa = PBXProject;
			attributes = {
				LastSwiftUpdateCheck = 1250;
				LastUpgradeCheck = 1250;
				TargetAttributes = {
					0B17A9E6264EA7AE00F939BE = {
						CreatedOnToolsVersion = 12.5;
					};
				};
			};
			buildConfigurationList = 0B17A9E2264EA7AE00F939BE /* Build configuration list for PBXProject "Stack_tutorial" */;
			compatibilityVersion = "Xcode 9.3";
			developmentRegion = en;
			hasScannedForEncodings = 0;
			knownRegions = (
				en,
				Base,
			);
			mainGroup = 0B17A9DE264EA7AE00F939BE;
			productRefGroup = 0B17A9E8264EA7AE00F939BE /* Products */;
			projectDirPath = "";
			projectRoot = "";
			targets = (
				0B17A9E6264EA7AE00F939BE /* Stack_tutorial */,
			);
		};
/* End PBXProject section */

/* Begin PBXResourcesBuildPhase section */
		0B17A9E5264EA7AE00F939BE /* Resources */ = {
			isa = PBXResourcesBuildPhase;
			buildActionMask = 2147483647;
			files = (
				0B17A9F2264EA7B200F939BE /* Preview Assets.xcassets in Resources */,
				0B17A9EF264EA7B200F939BE /* Assets.xcassets in Resources */,
			);
			runOnlyForDeploymentPostprocessing = 0;
		};
/* End PBXResourcesBuildPhase section */

/* Begin PBXSourcesBuildPhase section */
		0B17A9E3264EA7AE00F939BE /* Sources */ = {
			isa = PBXSourcesBuildPhase;
			buildActionMask = 2147483647;
			files = (
				0B17A9ED264EA7AE00F939BE /* ContentView.swift in Sources */,
				0B17A9FC264EAB2500F939BE /* MyHStack.swift in Sources */,
				0B17A9EB264EA7AE00F939BE /* Stack_tutorialApp.swift in Sources */,
				0B17A9FE264EAC8400F939BE /* MyZStack.swift in Sources */,
				0B17A9FA264EAAA000F939BE /* MyVStack.swift in Sources */,
			);
			runOnlyForDeploymentPostprocessing = 0;
		};
/* End PBXSourcesBuildPhase section */

/* Begin XCBuildConfiguration section */
		0B17A9F4264EA7B200F939BE /* Debug */ = {
			isa = XCBuildConfiguration;
			buildSettings = {
				ALWAYS_SEARCH_USER_PATHS = NO;
				CLANG_ANALYZER_NONNULL = YES;
				CLANG_ANALYZER_NUMBER_OBJECT_CONVERSION = YES_AGGRESSIVE;
				CLANG_CXX_LANGUAGE_STANDARD = "gnu++14";
				CLANG_CXX_LIBRARY = "libc++";
				CLANG_ENABLE_MODULES = YES;
				CLANG_ENABLE_OBJC_ARC = YES;
				CLANG_ENABLE_OBJC_WEAK = YES;
				CLANG_WARN_BLOCK_CAPTURE_AUTORELEASING = YES;
				CLANG_WARN_BOOL_CONVERSION = YES;
				CLANG_WARN_COMMA = YES;
				CLANG_WARN_CONSTANT_CONVERSION = YES;
				CLANG_WARN_DEPRECATED_OBJC_IMPLEMENTATIONS = YES;
				CLANG_WARN_DIRECT_OBJC_ISA_USAGE = YES_ERROR;
				CLANG_WARN_DOCUMENTATION_COMMENTS = YES;
				CLANG_WARN_EMPTY_BODY = YES;
				CLANG_WARN_ENUM_CONVERSION = YES;
				CLANG_WARN_INFINITE_RECURSION = YES;
				CLANG_WARN_INT_CONVERSION = YES;
				CLANG_WARN_NON_LITERAL_NULL_CONVERSION = YES;
				CLANG_WARN_OBJC_IMPLICIT_RETAIN_SELF = YES;
				CLANG_WARN_OBJC_LITERAL_CONVERSION = YES;
				CLANG_WARN_OBJC_ROOT_CLASS = YES_ERROR;
				CLANG_WARN_QUOTED_INCLUDE_IN_FRAMEWORK_HEADER = YES;
				CLANG_WARN_RANGE_LOOP_ANALYSIS = YES;
				CLANG_WARN_STRICT_PROTOTYPES = YES;
				CLANG_WARN_SUSPICIOUS_MOVE = YES;
				CLANG_WARN_UNGUARDED_AVAILABILITY = YES_AGGRESSIVE;
				CLANG_WARN_UNREACHABLE_CODE = YES;
				CLANG_WARN__DUPLICATE_METHOD_MATCH = YES;
				COPY_PHASE_STRIP = NO;
				DEBUG_INFORMATION_FORMAT = dwarf;
				ENABLE_STRICT_OBJC_MSGSEND = YES;
				ENABLE_TESTABILITY = YES;
				GCC_C_LANGUAGE_STANDARD = gnu11;
				GCC_DYNAMIC_NO_PIC = NO;
				GCC_NO_COMMON_BLOCKS = YES;
				GCC_OPTIMIZATION_LEVEL = 0;
				GCC_PREPROCESSOR_DEFINITIONS = (
					"DEBUG=1",
					"$(inherited)",
				);
				GCC_WARN_64_TO_32_BIT_CONVERSION = YES;
				GCC_WARN_ABOUT_RETURN_TYPE = YES_ERROR;
				GCC_WARN_UNDECLARED_SELECTOR = YES;
				GCC_WARN_UNINITIALIZED_AUTOS = YES_AGGRESSIVE;
				GCC_WARN_UNUSED_FUNCTION = YES;
				GCC_WARN_UNUSED_VARIABLE = YES;
				IPHONEOS_DEPLOYMENT_TARGET = 14.5;
				MTL_ENABLE_DEBUG_INFO = INCLUDE_SOURCE;
				MTL_FAST_MATH = YES;
				ONLY_ACTIVE_ARCH = YES;
				SDKROOT = iphoneos;
				SWIFT_ACTIVE_COMPILATION_CONDITIONS = DEBUG;
				SWIFT_OPTIMIZATION_LEVEL = "-Onone";
			};
			name = Debug;
		};
		0B17A9F5264EA7B200F939BE /* Release */ = {
			isa = XCBuildConfiguration;
			buildSettings = {
				ALWAYS_SEARCH_USER_PATHS = NO;
				CLANG_ANALYZER_NONNULL = YES;
				CLANG_ANALYZER_NUMBER_OBJECT_CONVERSION = YES_AGGRESSIVE;
				CLANG_CXX_LANGUAGE_STANDARD = "gnu++14";
				CLANG_CXX_LIBRARY = "libc++";
				CLANG_ENABLE_MODULES = YES;
				CLANG_ENABLE_OBJC_ARC = YES;
				CLANG_ENABLE_OBJC_WEAK = YES;
				CLANG_WARN_BLOCK_CAPTURE_AUTORELEASING = YES;
				CLANG_WARN_BOOL_CONVERSION = YES;
				CLANG_WARN_COMMA = YES;
				CLANG_WARN_CONSTANT_CONVERSION = YES;
				CLANG_WARN_DEPRECATED_OBJC_IMPLEMENTATIONS = YES;
				CLANG_WARN_DIRECT_OBJC_ISA_USAGE = YES_ERROR;
				CLANG_WARN_DOCUMENTATION_COMMENTS = YES;
				CLANG_WARN_EMPTY_BODY = YES;
				CLANG_WARN_ENUM_CONVERSION = YES;
				CLANG_WARN_INFINITE_RECURSION = YES;
				CLANG_WARN_INT_CONVERSION = YES;
				CLANG_WARN_NON_LITERAL_NULL_CONVERSION = YES;
				CLANG_WARN_OBJC_IMPLICIT_RETAIN_SELF = YES;
				CLANG_WARN_OBJC_LITERAL_CONVERSION = YES;
				CLANG_WARN_OBJC_ROOT_CLASS = YES_ERROR;
				CLANG_WARN_QUOTED_INCLUDE_IN_FRAMEWORK_HEADER = YES;
				CLANG_WARN_RANGE_LOOP_ANALYSIS = YES;
				CLANG_WARN_STRICT_PROTOTYPES = YES;
				CLANG_WARN_SUSPICIOUS_MOVE = YES;
				CLANG_WARN_UNGUARDED_AVAILABILITY = YES_AGGRESSIVE;
				CLANG_WARN_UNREACHABLE_CODE = YES;
				CLANG_WARN__DUPLICATE_METHOD_MATCH = YES;
				COPY_PHASE_STRIP = NO;
				DEBUG_INFORMATION_FORMAT = "dwarf-with-dsym";
				ENABLE_NS_ASSERTIONS = NO;
				ENABLE_STRICT_OBJC_MSGSEND = YES;
				GCC_C_LANGUAGE_STANDARD = gnu11;
				GCC_NO_COMMON_BLOCKS = YES;
				GCC_WARN_64_TO_32_BIT_CONVERSION = YES;
				GCC_WARN_ABOUT_RETURN_TYPE = YES_ERROR;
				GCC_WARN_UNDECLARED_SELECTOR = YES;
				GCC_WARN_UNINITIALIZED_AUTOS = YES_AGGRESSIVE;
				GCC_WARN_UNUSED_FUNCTION = YES;
				GCC_WARN_UNUSED_VARIABLE = YES;
				IPHONEOS_DEPLOYMENT_TARGET = 14.5;
				MTL_ENABLE_DEBUG_INFO = NO;
				MTL_FAST_MATH = YES;
				SDKROOT = iphoneos;
				SWIFT_COMPILATION_MODE = wholemodule;
				SWIFT_OPTIMIZATION_LEVEL = "-O";
				VALIDATE_PRODUCT = YES;
			};
			name = Release;
		};
		0B17A9F7264EA7B200F939BE /* Debug */ = {
			isa = XCBuildConfiguration;
			buildSettings = {
				ASSETCATALOG_COMPILER_APPICON_NAME = AppIcon;
				ASSETCATALOG_COMPILER_GLOBAL_ACCENT_COLOR_NAME = AccentColor;
				CODE_SIGN_STYLE = Automatic;
				DEVELOPMENT_ASSET_PATHS = "\"Stack_tutorial/Preview Content\"";
				DEVELOPMENT_TEAM = 8L2LNB62NC;
				ENABLE_PREVIEWS = YES;
				INFOPLIST_FILE = Stack_tutorial/Info.plist;
				IPHONEOS_DEPLOYMENT_TARGET = 14.0;
				LD_RUNPATH_SEARCH_PATHS = (
					"$(inherited)",
					"@executable_path/Frameworks",
				);
				PRODUCT_BUNDLE_IDENTIFIER = "jewelryKim.Stack-tutorial";
				PRODUCT_NAME = "$(TARGET_NAME)";
				SWIFT_VERSION = 5.0;
				TARGETED_DEVICE_FAMILY = "1,2";
			};
			name = Debug;
		};
		0B17A9F8264EA7B200F939BE /* Release */ = {
			isa = XCBuildConfiguration;
			buildSettings = {
				ASSETCATALOG_COMPILER_APPICON_NAME = AppIcon;
				ASSETCATALOG_COMPILER_GLOBAL_ACCENT_COLOR_NAME = AccentColor;
				CODE_SIGN_STYLE = Automatic;
				DEVELOPMENT_ASSET_PATHS = "\"Stack_tutorial/Preview Content\"";
				DEVELOPMENT_TEAM = 8L2LNB62NC;
				ENABLE_PREVIEWS = YES;
				INFOPLIST_FILE = Stack_tutorial/Info.plist;
				IPHONEOS_DEPLOYMENT_TARGET = 14.0;
				LD_RUNPATH_SEARCH_PATHS = (
					"$(inherited)",
					"@executable_path/Frameworks",
				);
				PRODUCT_BUNDLE_IDENTIFIER = "jewelryKim.Stack-tutorial";
				PRODUCT_NAME = "$(TARGET_NAME)";
				SWIFT_VERSION = 5.0;
				TARGETED_DEVICE_FAMILY = "1,2";
			};
			name = Release;
		};
/* End XCBuildConfiguration section */

/* Begin XCConfigurationList section */
		0B17A9E2264EA7AE00F939BE /* Build configuration list for PBXProject "Stack_tutorial" */ = {
			isa = XCConfigurationList;
			buildConfigurations = (
				0B17A9F4264EA7B200F939BE /* Debug */,
				0B17A9F5264EA7B200F939BE /* Release */,
			);
			defaultConfigurationIsVisible = 0;
			defaultConfigurationName = Release;
		};
		0B17A9F6264EA7B200F939BE /* Build configuration list for PBXNativeTarget "Stack_tutorial" */ = {
			isa = XCConfigurationList;
			buildConfigurations = (
				0B17A9F7264EA7B200F939BE /* Debug */,
				0B17A9F8264EA7B200F939BE /* Release */,
			);
			defaultConfigurationIsVisible = 0;
			defaultConfigurationName = Release;
		};
/* End XCConfigurationList section */
	};
	rootObject = 0B17A9DF264EA7AE00F939BE /* Project object */;
}
